
Microsoft Visual Studio Solution File, Format Version 12.00
# Visual Studio Version 17
VisualStudioVersion = 17.4.33103.184
MinimumVisualStudioVersion = 10.0.40219.1
Project("{FAE04EC0-301F-11D3-BF4B-00C04F79EFBC}") = "CLIsploit", "CLIsploit.csproj", "{26C89758-E048-4DA1-AE01-473645C2CF1E}"
EndProject
Global
	GlobalSection(SolutionConfigurationPlatforms) = preSolution
		Debug|Any CPU = Debug|Any CPU
		Release|Any CPU = Release|Any CPU
	EndGlobalSection
	GlobalSection(ProjectConfigurationPlatforms) = postSolution
		{26C89758-E048-4DA1-AE01-473645C2CF1E}.Debug|Any CPU.ActiveCfg = Debug|Any CPU
		{26C89758-E048-4DA1-AE01-473645C2CF1E}.Debug|Any CPU.Build.0 = Debug|Any CPU
		{26C89758-E048-4DA1-AE01-473645C2CF1E}.Release|Any CPU.ActiveCfg = Release|Any CPU
		{26C89758-E048-4DA1-AE01-473645C2CF1E}.Release|Any CPU.Build.0 = Release|Any CPU
	EndGlobalSection
	GlobalSection(SolutionProperties) = preSolution
		HideSolutionNode = FALSE
	EndGlobalSection
	GlobalSection(ExtensibilityGlobals) = postSolution
		SolutionGuid = {1AF09808-9B1E-4BAF-88F6-17C0D41740D6}
	EndGlobalSection
EndGlobal
